
Microsoft Visual Studio Solution File, Format Version 12.00
# Visual Studio Version 17
VisualStudioVersion = 17.10.34607.79
MinimumVisualStudioVersion = 10.0.40219.1
Project("{FAE04EC0-301F-11D3-BF4B-00C04F79EFBC}") = "BlazorAppDemo_01", "BlazorAppDemo_01\BlazorAppDemo_01.csproj", "{A51492C4-C48D-4735-8190-2AA19064E57A}"
EndProject
Global
	GlobalSection(SolutionConfigurationPlatforms) = preSolution
		Debug|Any CPU = Debug|Any CPU
		Release|Any CPU = Release|Any CPU
	EndGlobalSection
	GlobalSection(ProjectConfigurationPlatforms) = postSolution
		{A51492C4-C48D-4735-8190-2AA19064E57A}.Debug|Any CPU.ActiveCfg = Debug|Any CPU
		{A51492C4-C48D-4735-8190-2AA19064E57A}.Debug|Any CPU.Build.0 = Debug|Any CPU
		{A51492C4-C48D-4735-8190-2AA19064E57A}.Release|Any CPU.ActiveCfg = Release|Any CPU
		{A51492C4-C48D-4735-8190-2AA19064E57A}.Release|Any CPU.Build.0 = Release|Any CPU
	EndGlobalSection
	GlobalSection(SolutionProperties) = preSolution
		HideSolutionNode = FALSE
	EndGlobalSection
	GlobalSection(ExtensibilityGlobals) = postSolution
		SolutionGuid = {0DD0B49B-90EB-4E3C-BCCE-DA09F5B9D538}
	EndGlobalSection
EndGlobal
